# @generated - this file is auto-generated by `mise lock` https://mise.jdx.dev/dev-tools/mise-lock.html

lockfile_version = 1

[[tools.atuin]]
version = "18.21.0"
backend = "aqua:atuinsh/atuin"
specifiers = ["18"]

[tools.atuin."platforms.linux-x64"]
checksum = "sha256:434d82b4c5f691b6f0423f30a4b931df4afded19b05a795a280192fdf8a61a2d"
url = "https://github.com/atuinsh/atuin/releases/download/v18.21.0/atuin-x86_64-unknown-linux-gnu.tar.gz"
url_api = "https://api.github.com/repos/atuinsh/atuin/releases/assets/538647975"
provenance = "github-attestations"

[tools.atuin."platforms.macos-arm64"]
checksum = "sha256:c78ac159c89c38ee0b56eb6a11d9c0a7340de3a03b98fbbccd44f8e2d91e6e6e"
url = "https://github.com/atuinsh/atuin/releases/download/v18.21.0/atuin-aarch64-apple-darwin.tar.gz"
url_api = "https://api.github.com/repos/atuinsh/atuin/releases/assets/538647916"
provenance = "github-attestations"

[[tools.bat]]
version = "0.26.1"
backend = "aqua:sharkdp/bat"
specifiers = [
    "0.26",
    "0.26.1",
]

[tools.bat."platforms.linux-x64"]
checksum = "sha256:726f04c8f576a7fd18b7634f1bbf2f915c43494c1c0f013baa3287edb0d5a2a3"
url = "https://github.com/sharkdp/bat/releases/download/v0.26.1/bat-v0.26.1-x86_64-unknown-linux-gnu.tar.gz"
url_api = "https://api.github.com/repos/sharkdp/bat/releases/assets/323549181"

[tools.bat."platforms.macos-arm64"]
checksum = "sha256:e30beff26779c9bf60bb541e1d79046250cb74378f2757f8eb250afddb19e114"
url = "https://github.com/sharkdp/bat/releases/download/v0.26.1/bat-v0.26.1-aarch64-apple-darwin.tar.gz"
url_api = "https://api.github.com/repos/sharkdp/bat/releases/assets/323548442"

[tools.bat."platforms.macos-x64"]
checksum = "sha256:830d63b0bba1fa040542ec569e3cf77f60d3356b9de75116a344b061e0894245"
url = "https://github.com/sharkdp/bat/releases/download/v0.26.1/bat-v0.26.1-x86_64-apple-darwin.tar.gz"
url_api = "https://api.github.com/repos/sharkdp/bat/releases/assets/323549786"

[[tools."cargo:navi"]]
version = "2.24.0"
backend = "cargo:navi"
specifiers = [
    "2",
    "2.24.0",
]

[[tools."cargo:stylua"]]
version = "2.5.2"
backend = "cargo:stylua"
specifiers = [
    "2",
    "2.5.2",
]

[[tools.codex]]
version = "0.147.0"
backend = "aqua:openai/codex"
specifiers = [
    "0.147",
    "0.147.0",
]

[tools.codex."platforms.linux-x64"]
checksum = "sha256:bd758d53d56e41dc65e045f4589df79a038ed197a011adcb52a258e6ad64cfda"
url = "https://github.com/openai/codex/releases/download/rust-v0.147.0/codex-package-x86_64-unknown-linux-musl.tar.gz"
url_api = "https://api.github.com/repos/openai/codex/releases/assets/504450439"

[tools.codex."platforms.macos-arm64"]
checksum = "sha256:17b2984eb22b607e3d0c25728252fc90f510e476bad39a6d9f45cdb1aa685432"
url = "https://github.com/openai/codex/releases/download/rust-v0.147.0/codex-package-aarch64-apple-darwin.tar.gz"
url_api = "https://api.github.com/repos/openai/codex/releases/assets/504450535"

[tools.codex."platforms.macos-x64"]
checksum = "sha256:d91e59133daf923bc45d76e3da4af8ae9ef62a0231da18488da0cd573b6e9d63"
url = "https://github.com/openai/codex/releases/download/rust-v0.147.0/codex-package-x86_64-apple-darwin.tar.gz"
url_api = "https://api.github.com/repos/openai/codex/releases/assets/504450463"

[[tools.copilot]]
version = "1.0.82"
backend = "aqua:github/copilot-cli"
specifiers = [
    "1",
    "1.0.82",
]

[tools.copilot."platforms.linux-x64"]
checksum = "sha256:37fa67686a9e4ed8d46dcd6a9c80ab524dea840ecaa0a3f7edf8d09f961b97a9"
url = "https://github.com/github/copilot-cli/releases/download/v1.0.82/copilot-linux-x64.tar.gz"
url_api = "https://api.github.com/repos/github/copilot-cli/releases/assets/535878879"

[tools.copilot."platforms.macos-arm64"]
checksum = "sha256:c03bfc58c4402ec31d09ca11c379e1c17e95c3441f48009d721bf556fcc2c42e"
url = "https://github.com/github/copilot-cli/releases/download/v1.0.82/copilot-darwin-arm64.tar.gz"
url_api = "https://api.github.com/repos/github/copilot-cli/releases/assets/535878783"

[tools.copilot."platforms.macos-x64"]
checksum = "sha256:512cbd527e510664be8854ddfee3f3215f890a2f548b0477e9dd544b54abbd8c"
url = "https://github.com/github/copilot-cli/releases/download/v1.0.82/copilot-darwin-x64.tar.gz"
url_api = "https://api.github.com/repos/github/copilot-cli/releases/assets/535878782"

[[tools.fd]]
version = "10.5.0"
backend = "aqua:sharkdp/fd"
specifiers = ["10"]

[tools.fd."platforms.linux-x64"]
checksum = "sha256:a1259cd129636efbc3fef123525c1b49e88fe5088c012630983c310e52fdfa95"
url = "https://github.com/sharkdp/fd/releases/download/v10.5.0/fd-v10.5.0-x86_64-unknown-linux-gnu.tar.gz"
url_api = "https://api.github.com/repos/sharkdp/fd/releases/assets/530481615"

[tools.fd."platforms.macos-arm64"]
checksum = "sha256:b67e1836c468e42e411984b56e52fa7abec08c2bd22c867398e7cc134aac5e12"
url = "https://github.com/sharkdp/fd/releases/download/v10.5.0/fd-v10.5.0-aarch64-apple-darwin.tar.gz"
url_api = "https://api.github.com/repos/sharkdp/fd/releases/assets/530481346"

[[tools.fzf]]
version = "0.74.3"
backend = "aqua:junegunn/fzf"
specifiers = ["0.74"]

[tools.fzf."platforms.linux-x64"]
checksum = "sha256:3501a595e4b5c40a6b047340a0e8f805c46fd4e61ef95ef8a136ba8c61cf6f22"
url = "https://github.com/junegunn/fzf/releases/download/v0.74.3/fzf-0.74.3-linux_amd64.tar.gz"
url_api = "https://api.github.com/repos/junegunn/fzf/releases/assets/517537066"

[tools.fzf."platforms.macos-arm64"]
checksum = "sha256:1f8501cea4f9c0c2d6110d0ff75d0ec9451cd9d7524d9a26244a154ea89f3bd5"
url = "https://github.com/junegunn/fzf/releases/download/v0.74.3/fzf-0.74.3-darwin_arm64.tar.gz"
url_api = "https://api.github.com/repos/junegunn/fzf/releases/assets/517537091"

[tools.fzf."platforms.macos-x64"]
checksum = "sha256:b8a231250eedec244539ade3dc437bcd60e545a099c6cc0c8a11bdbd8574b9bc"
url = "https://github.com/junegunn/fzf/releases/download/v0.74.3/fzf-0.74.3-darwin_amd64.tar.gz"
url_api = "https://api.github.com/repos/junegunn/fzf/releases/assets/517537094"

[[tools.gh]]
version = "2.99.0"
backend = "aqua:cli/cli"
specifiers = ["2"]

[tools.gh."platforms.linux-x64"]
checksum = "sha256:ed4960225d2833e04a61590d9fa2b5773d147f3aa375459e5466a40c102f3832"
url = "https://github.com/cli/cli/releases/download/v2.99.0/gh_2.99.0_linux_amd64.tar.gz"
url_api = "https://api.github.com/repos/cli/cli/releases/assets/540091442"
provenance = "github-attestations"

[tools.gh."platforms.macos-arm64"]
checksum = "sha256:94d4bd7e88563a9cb414e651e88acc4f1728a87476752460906d824230748d37"
url = "https://github.com/cli/cli/releases/download/v2.99.0/gh_2.99.0_macOS_arm64.zip"
url_api = "https://api.github.com/repos/cli/cli/releases/assets/540091462"
provenance = "github-attestations"

[tools.gh."platforms.macos-x64"]
checksum = "sha256:70c05750c75df9465bc73b994e8bc379243bb494271f1b51f54ead2e19e45471"
url = "https://github.com/cli/cli/releases/download/v2.99.0/gh_2.99.0_macOS_amd64.zip"
url_api = "https://api.github.com/repos/cli/cli/releases/assets/540091461"
provenance = "github-attestations"

[[tools."github:vicinaehq/vicinae"]]
version = "0.25.0"
backend = "github:vicinaehq/vicinae"
specifiers = [
    "0.25",
    "0.25.0",
]

[tools."github:vicinaehq/vicinae".options]
asset_pattern = "vicinae-linux-x86_64-v{version}.tar.gz"

[tools."github:vicinaehq/vicinae"."platforms.linux-x64"]
checksum = "sha256:c79169f8a222fd74d4ef5533fc49ee6d78717848299306e4e556c5bef73c6182"
url = "https://github.com/vicinaehq/vicinae/releases/download/v0.25.0/vicinae-linux-x86_64-v0.25.0.tar.gz"
url_api = "https://api.github.com/repos/vicinaehq/vicinae/releases/assets/508557121"

[tools."github:vicinaehq/vicinae"."platforms.macos-arm64"]
checksum = "sha256:c79169f8a222fd74d4ef5533fc49ee6d78717848299306e4e556c5bef73c6182"
url = "https://github.com/vicinaehq/vicinae/releases/download/v0.25.0/vicinae-linux-x86_64-v0.25.0.tar.gz"
url_api = "https://api.github.com/repos/vicinaehq/vicinae/releases/assets/508557121"

[tools."github:vicinaehq/vicinae"."platforms.macos-x64"]
checksum = "sha256:c79169f8a222fd74d4ef5533fc49ee6d78717848299306e4e556c5bef73c6182"
url = "https://github.com/vicinaehq/vicinae/releases/download/v0.25.0/vicinae-linux-x86_64-v0.25.0.tar.gz"
url_api = "https://api.github.com/repos/vicinaehq/vicinae/releases/assets/508557121"

[[tools.gitleaks]]
version = "8.30.1"
backend = "aqua:gitleaks/gitleaks"
specifiers = [
    "8",
    "8.30.1",
]

[tools.gitleaks."platforms.linux-x64"]
checksum = "sha256:551f6fc83ea457d62a0d98237cbad105af8d557003051f41f3e7ca7b3f2470eb"
url = "https://github.com/gitleaks/gitleaks/releases/download/v8.30.1/gitleaks_8.30.1_linux_x64.tar.gz"
url_api = "https://api.github.com/repos/gitleaks/gitleaks/releases/assets/378332058"

[tools.gitleaks."platforms.macos-arm64"]
checksum = "sha256:b40ab0ae55c505963e365f271a8d3846efbc170aa17f2607f13df610a9aeb6a5"
url = "https://github.com/gitleaks/gitleaks/releases/download/v8.30.1/gitleaks_8.30.1_darwin_arm64.tar.gz"
url_api = "https://api.github.com/repos/gitleaks/gitleaks/releases/assets/378332059"

[tools.gitleaks."platforms.macos-x64"]
checksum = "sha256:dfe101a4db2255fc85120ac7f3d25e4342c3c20cf749f2c20a18081af1952709"
url = "https://github.com/gitleaks/gitleaks/releases/download/v8.30.1/gitleaks_8.30.1_darwin_x64.tar.gz"
url_api = "https://api.github.com/repos/gitleaks/gitleaks/releases/assets/378332053"

[[tools.herdr]]
version = "0.8.2"
backend = "aqua:herdrdev/herdr"
specifiers = [
    "0.8",
    "0.8.2",
]

[tools.herdr."platforms.linux-x64"]
checksum = "sha256:976150a14d490c94b243ea2e1a7eb2dfb67f12e36b182db90936f6728e6aecf4"
url = "https://github.com/herdrdev/herdr/releases/download/v0.8.2/herdr-linux-x86_64"
url_api = "https://api.github.com/repos/herdrdev/herdr/releases/assets/521169107"

[tools.herdr."platforms.macos-arm64"]
checksum = "sha256:a5d4f4d504d8b309c91f811050559300faba31258425f53c50852fc96f6ae574"
url = "https://github.com/herdrdev/herdr/releases/download/v0.8.2/herdr-macos-aarch64"
url_api = "https://api.github.com/repos/herdrdev/herdr/releases/assets/521169108"

[tools.herdr."platforms.macos-x64"]
checksum = "sha256:ab50262c8190cd7aa9056d249d255c08c328c3e8716de9cfa29db4f131b8e2c1"
url = "https://github.com/herdrdev/herdr/releases/download/v0.8.2/herdr-macos-x86_64"
url_api = "https://api.github.com/repos/herdrdev/herdr/releases/assets/521169110"

[[tools.jq]]
version = "1.8.2"
backend = "aqua:jqlang/jq"
specifiers = [
    "1",
    "1.8.2",
]

[tools.jq."platforms.linux-x64"]
checksum = "sha256:b1c22172dd303f3be49e935aa56aa48a8b7a46e0bc838b4997d3bb451495870f"
url = "https://github.com/jqlang/jq/releases/download/jq-1.8.2/jq-linux-amd64"
url_api = "https://api.github.com/repos/jqlang/jq/releases/assets/453012752"
provenance = "github-attestations"

[tools.jq."platforms.macos-arm64"]
checksum = "sha256:2d75340ba57a4b4b4c8708a21c2dc8e958a48aaa8bba13b27f77f6e4c0eca07e"
url = "https://github.com/jqlang/jq/releases/download/jq-1.8.2/jq-macos-arm64"
url_api = "https://api.github.com/repos/jqlang/jq/releases/assets/453012783"
provenance = "github-attestations"

[tools.jq."platforms.macos-x64"]
checksum = "sha256:e94b266e3c26690550006abe63152b782280f4e14374accdf04cbde844f00bc0"
url = "https://github.com/jqlang/jq/releases/download/jq-1.8.2/jq-macos-amd64"
url_api = "https://api.github.com/repos/jqlang/jq/releases/assets/453012782"
provenance = "github-attestations"

[[tools.julia]]
version = "1.12.7"
backend = "http:julia"
specifiers = [
    "1",
    "1.12.7",
]

[tools.julia."platforms.linux-x64"]
checksum = "sha256:4e7e9e776634d24835250de67cde39b0d4af15bc432eb20697e6be6c28ea69e8"
url = "https://julialang-s3.julialang.org/bin/linux/x64/1.12/julia-1.12.7-linux-x86_64.tar.gz"

[tools.julia."platforms.macos-arm64"]
checksum = "sha256:af8fcedfb25b6b9c8c13d99695c38faa2d59bf0162b3f458c8b8b56f14c96919"
url = "https://julialang-s3.julialang.org/bin/mac/aarch64/1.12/julia-1.12.7-macaarch64.tar.gz"

[tools.julia."platforms.macos-x64"]
checksum = "sha256:a21a15c7b7d294a03482a3598b18cde48d37be86ac7a408e495e51fb3afe0157"
url = "https://julialang-s3.julialang.org/bin/mac/x64/1.12/julia-1.12.7-mac64.tar.gz"

[[tools.just]]
version = "1.58.0"
backend = "aqua:casey/just"
specifiers = [
    "1",
    "1.58.0",
]

[tools.just."platforms.linux-x64"]
checksum = "sha256:4a5cc2f53e6f0f8c59092a6cc38291eb729d46a7dd95d3ae582008881b84931d"
url = "https://github.com/casey/just/releases/download/1.58.0/just-1.58.0-x86_64-unknown-linux-musl.tar.gz"
url_api = "https://api.github.com/repos/casey/just/releases/assets/500509978"

[tools.just."platforms.macos-arm64"]
checksum = "sha256:50ae3e996c974a0bf32ea7d10f495070df33f1b43e0616b2769e3d4821ed8f48"
url = "https://github.com/casey/just/releases/download/1.58.0/just-1.58.0-aarch64-apple-darwin.tar.gz"
url_api = "https://api.github.com/repos/casey/just/releases/assets/500509965"

[tools.just."platforms.macos-x64"]
checksum = "sha256:9a09cfef66aaa79da58203970103a0684307716caaabd3e9844cacc4dc0f4023"
url = "https://github.com/casey/just/releases/download/1.58.0/just-1.58.0-x86_64-apple-darwin.tar.gz"
url_api = "https://api.github.com/repos/casey/just/releases/assets/500510084"

[[tools.lsd]]
version = "1.2.0"
backend = "aqua:lsd-rs/lsd"
specifiers = [
    "1",
    "1.2.0",
]

[tools.lsd."platforms.linux-x64"]
checksum = "sha256:57d3b5859254adcfb8374ce98159cca97a14959997d2ae1176d2cff59556d829"
url = "https://github.com/lsd-rs/lsd/releases/download/v1.2.0/lsd-v1.2.0-x86_64-unknown-linux-gnu.tar.gz"
url_api = "https://api.github.com/repos/lsd-rs/lsd/releases/assets/303319829"

[tools.lsd."platforms.macos-arm64"]
checksum = "sha256:9e34a5d392ff913302098aad0543dafa1883c531eaf229b82f086c3fca675e3e"
url = "https://github.com/lsd-rs/lsd/releases/download/v1.2.0/lsd-v1.2.0-aarch64-apple-darwin.tar.gz"
url_api = "https://api.github.com/repos/lsd-rs/lsd/releases/assets/303319340"

[tools.lsd."platforms.macos-x64"]
checksum = "sha256:00d3c50551b270bbdf7da97816e5ba7f5fd10294cd310165f7f8b5523e738b9c"
url = "https://github.com/lsd-rs/lsd/releases/download/v1.2.0/lsd-v1.2.0-x86_64-apple-darwin.tar.gz"
url_api = "https://api.github.com/repos/lsd-rs/lsd/releases/assets/303319774"

[[tools.lua-language-server]]
version = "3.19.1"
backend = "aqua:LuaLS/lua-language-server"
specifiers = [
    "3",
    "3.19.1",
]

[tools.lua-language-server."platforms.linux-x64"]
checksum = "sha256:e9235d2d72ef55bc41cf8c99cda2ed64777682024b4bb81f5dea425060c5cbb8"
url = "https://github.com/LuaLS/lua-language-server/releases/download/3.19.1/lua-language-server-3.19.1-linux-x64.tar.gz"
url_api = "https://api.github.com/repos/LuaLS/lua-language-server/releases/assets/513572259"

[tools.lua-language-server."platforms.macos-arm64"]
checksum = "sha256:0bc077f4447f076b4c92c14e9fd303f5b569eda2ec74b4dca2b55f75fae2e90c"
url = "https://github.com/LuaLS/lua-language-server/releases/download/3.19.1/lua-language-server-3.19.1-darwin-arm64.tar.gz"
url_api = "https://api.github.com/repos/LuaLS/lua-language-server/releases/assets/513570627"

[tools.lua-language-server."platforms.macos-x64"]
checksum = "sha256:eb373c159cbe556711d7cd316315de2dce969bfd54b31edb7eb9cab2937f2cca"
url = "https://github.com/LuaLS/lua-language-server/releases/download/3.19.1/lua-language-server-3.19.1-darwin-x64.tar.gz"
url_api = "https://api.github.com/repos/LuaLS/lua-language-server/releases/assets/513569911"

[[tools.neovim]]
version = "0.12.4"
backend = "vfox:mise-plugins/vfox-neovim"
specifiers = [
    "0.12",
    "0.12.4",
]

[tools.neovim."platforms.linux-x64"]
url = "https://github.com/neovim/neovim/releases/download/v0.12.4/nvim-linux-x86_64.tar.gz"

[tools.neovim."platforms.macos-arm64"]
url = "https://github.com/neovim/neovim/releases/download/v0.12.4/nvim-macos-arm64.tar.gz"

[tools.neovim."platforms.macos-x64"]
url = "https://github.com/neovim/neovim/releases/download/v0.12.4/nvim-macos-x86_64.tar.gz"

[[tools.node]]
version = "26.8.1"
backend = "core:node"
specifiers = ["26"]

[tools.node."platforms.linux-x64"]
checksum = "sha256:b2b76660fa4ded4e0b2a41ee3c0c651cd52ea8170ead91ebac1e147ac3d55643"
url = "https://nodejs.org/dist/v26.8.1/node-v26.8.1-linux-x64.tar.gz"

[tools.node."platforms.macos-arm64"]
checksum = "sha256:6e577fd0d9db776db82306629e441a9dace416702622aebdd171c9dfaa41f4d2"
url = "https://nodejs.org/dist/v26.8.1/node-v26.8.1-darwin-arm64.tar.gz"

[tools.node."platforms.macos-x64"]
checksum = "sha256:fe9c6dbf9c8e1b4443803d75e2a20366e420dae650c747dbb116b22975751baf"
url = "https://nodejs.org/dist/v26.8.1/node-v26.8.1-darwin-x64.tar.gz"

[[tools.npm]]
version = "11.19.1"
backend = "aqua:npm/cli"
specifiers = ["11"]

[tools.npm."platforms.linux-x64"]
url = "https://registry.npmjs.org/npm/-/npm-11.19.1.tgz"

[tools.npm."platforms.macos-arm64"]
url = "https://registry.npmjs.org/npm/-/npm-11.19.1.tgz"

[tools.npm."platforms.macos-x64"]
url = "https://registry.npmjs.org/npm/-/npm-11.19.1.tgz"

[[tools.ollama]]
version = "0.32.15"
backend = "aqua:ollama/ollama"
specifiers = ["0.32"]

[tools.ollama."platforms.linux-x64"]
checksum = "sha256:50539c5fe9bf85887733355098dcdb266b433cb8c73fa180713417e9ed6e42bb"
url = "https://github.com/ollama/ollama/releases/download/v0.32.15/ollama-linux-amd64.tar.zst"
url_api = "https://api.github.com/repos/ollama/ollama/releases/assets/521533305"

[tools.ollama."platforms.macos-arm64"]
checksum = "sha256:9ab0ac4747946620a2464054f3c44a55aa146e9fccb5c366ee18e43fd1930b90"
url = "https://github.com/ollama/ollama/releases/download/v0.32.15/ollama-darwin.tgz"
url_api = "https://api.github.com/repos/ollama/ollama/releases/assets/521533268"

[tools.ollama."platforms.macos-x64"]
checksum = "sha256:9ab0ac4747946620a2464054f3c44a55aa146e9fccb5c366ee18e43fd1930b90"
url = "https://github.com/ollama/ollama/releases/download/v0.32.15/ollama-darwin.tgz"
url_api = "https://api.github.com/repos/ollama/ollama/releases/assets/521533268"

[[tools.pi]]
version = "0.84.4"
backend = "aqua:earendil-works/pi"
specifiers = ["latest"]

[tools.pi."platforms.linux-x64"]
checksum = "sha256:c2f3c3e6a1850bd87654cc3ca8811013272397c3d042a4e2a64c43ee1b423972"
url = "https://github.com/earendil-works/pi/releases/download/v0.84.4/pi-linux-x64.tar.gz"
url_api = "https://api.github.com/repos/earendil-works/pi/releases/assets/534389946"

[tools.pi."platforms.macos-arm64"]
checksum = "sha256:c68e3ac4d05b4e282aaab2e6c76f161d3e9e68f19a22e38913cbfaadb6c800f0"
url = "https://github.com/earendil-works/pi/releases/download/v0.84.4/pi-darwin-arm64.tar.gz"
url_api = "https://api.github.com/repos/earendil-works/pi/releases/assets/534389952"

[tools.pi."platforms.macos-x64"]
checksum = "sha256:7a042d6413065421387001a4986190a1a03186c95a695f4dee0bdc76e60de8f7"
url = "https://github.com/earendil-works/pi/releases/download/v0.84.4/pi-darwin-x64.tar.gz"
url_api = "https://api.github.com/repos/earendil-works/pi/releases/assets/534389948"

[[tools.prek]]
version = "0.4.14"
backend = "aqua:j178/prek"
specifiers = ["0.4"]

[tools.prek."platforms.linux-x64"]
checksum = "sha256:d1eacb826b9f71ce9098636d2c3e96df0ed1cf08c9c17c57bf358b401f5a995d"
url = "https://github.com/j178/prek/releases/download/v0.4.14/prek-x86_64-unknown-linux-gnu.tar.gz"
url_api = "https://api.github.com/repos/j178/prek/releases/assets/517620600"
provenance = "github-attestations"

[tools.prek."platforms.macos-arm64"]
checksum = "sha256:87f7fb2b99871820eb352d9a2327461d25affe354d6d48c4edf3a34f360c6be8"
url = "https://github.com/j178/prek/releases/download/v0.4.14/prek-aarch64-apple-darwin.tar.gz"
url_api = "https://api.github.com/repos/j178/prek/releases/assets/517620513"
provenance = "github-attestations"

[tools.prek."platforms.macos-x64"]
checksum = "sha256:59073820f5145cea2fa91b7e4256bbab6ed44de364d4b6809311d7ee9653d3b7"
url = "https://github.com/j178/prek/releases/download/v0.4.14/prek-x86_64-apple-darwin.tar.gz"
url_api = "https://api.github.com/repos/j178/prek/releases/assets/517620585"
provenance = "github-attestations"

[[tools.ripgrep]]
version = "15.2.0"
backend = "aqua:BurntSushi/ripgrep"
specifiers = [
    "15",
    "15.2.0",
]

[tools.ripgrep."platforms.linux-x64"]
checksum = "sha256:33e15bcf1624b25cdd2a55813a47a2f95dbe126268203e76aa6a585d1e7b149c"
url = "https://github.com/BurntSushi/ripgrep/releases/download/15.2.0/ripgrep-15.2.0-x86_64-unknown-linux-musl.tar.gz"
url_api = "https://api.github.com/repos/BurntSushi/ripgrep/releases/assets/478120097"

[tools.ripgrep."platforms.macos-arm64"]
checksum = "sha256:3750b2e93f37e0c692657da574d7019a101c0084da05a790c83fd335bad973e4"
url = "https://github.com/BurntSushi/ripgrep/releases/download/15.2.0/ripgrep-15.2.0-aarch64-apple-darwin.tar.gz"
url_api = "https://api.github.com/repos/BurntSushi/ripgrep/releases/assets/478118851"

[tools.ripgrep."platforms.macos-x64"]
checksum = "sha256:af7825fcc69a2afc7a7aea55fc9af90e26421d8f20fe59df32e233c0b8a231c1"
url = "https://github.com/BurntSushi/ripgrep/releases/download/15.2.0/ripgrep-15.2.0-x86_64-apple-darwin.tar.gz"
url_api = "https://api.github.com/repos/BurntSushi/ripgrep/releases/assets/478119585"

[[tools.ruff]]
version = "0.16.5"
backend = "aqua:astral-sh/ruff"
specifiers = [
    "0.16",
    "0.16.5",
]

[tools.ruff."platforms.linux-x64"]
checksum = "sha256:65b8bae7e43f12a91b71036a52176012b3aefb725d5ae263e2771474110a0983"
url = "https://github.com/astral-sh/ruff/releases/download/0.16.5/ruff-x86_64-unknown-linux-gnu.tar.gz"
url_api = "https://api.github.com/repos/astral-sh/ruff/releases/assets/532582898"
provenance = "github-attestations"

[tools.ruff."platforms.macos-arm64"]
checksum = "sha256:ed142f8656e0092828c103dd058b55b871c88e13a801cade8f860d8a9ca8943e"
url = "https://github.com/astral-sh/ruff/releases/download/0.16.5/ruff-aarch64-apple-darwin.tar.gz"
url_api = "https://api.github.com/repos/astral-sh/ruff/releases/assets/532582805"
provenance = "github-attestations"

[tools.ruff."platforms.macos-x64"]
checksum = "sha256:4895245fe294cd9f38b8c941b9aa009b3015729f73327bdbf8a716b7fec8f84d"
url = "https://github.com/astral-sh/ruff/releases/download/0.16.5/ruff-x86_64-apple-darwin.tar.gz"
url_api = "https://api.github.com/repos/astral-sh/ruff/releases/assets/532582887"
provenance = "github-attestations"

[[tools.rust]]
version = "1.98.0"
backend = "core:rust"
specifiers = [
    "1",
    "1.98.0",
]

[[tools.rust-analyzer]]
version = "2026-08-31"
backend = "aqua:rust-lang/rust-analyzer"
specifiers = ["2026-08"]

[tools.rust-analyzer."platforms.linux-x64"]
checksum = "sha256:a775f9edb543bb0c077da339b783e89446092986cde921c9d8e1733b091080c6"
url = "https://github.com/rust-lang/rust-analyzer/releases/download/2026-08-31/rust-analyzer-x86_64-unknown-linux-gnu.gz"
url_api = "https://api.github.com/repos/rust-lang/rust-analyzer/releases/assets/537513235"

[tools.rust-analyzer."platforms.macos-arm64"]
checksum = "sha256:5de5c20b8b49bdc9339ef537b4029af7f97214fb88d6fc86af57ab9344467625"
url = "https://github.com/rust-lang/rust-analyzer/releases/download/2026-08-31/rust-analyzer-aarch64-apple-darwin.gz"
url_api = "https://api.github.com/repos/rust-lang/rust-analyzer/releases/assets/537512875"

[tools.rust-analyzer."platforms.macos-x64"]
checksum = "sha256:a3b3e06da42b4df781891359ccbb57d6a84f311f0506de5f98dd0553460b1f8d"
url = "https://github.com/rust-lang/rust-analyzer/releases/download/2026-08-31/rust-analyzer-x86_64-apple-darwin.gz"
url_api = "https://api.github.com/repos/rust-lang/rust-analyzer/releases/assets/537513186"

[[tools.shellcheck]]
version = "0.11.0"
backend = "aqua:koalaman/shellcheck"
specifiers = [
    "0.11",
    "0.11.0",
]

[tools.shellcheck."platforms.linux-x64"]
checksum = "sha256:8c3be12b05d5c177a04c29e3c78ce89ac86f1595681cab149b65b97c4e227198"
url = "https://github.com/koalaman/shellcheck/releases/download/v0.11.0/shellcheck-v0.11.0.linux.x86_64.tar.xz"
url_api = "https://api.github.com/repos/koalaman/shellcheck/releases/assets/279056942"

[tools.shellcheck."platforms.macos-arm64"]
checksum = "sha256:56affdd8de5527894dca6dc3d7e0a99a873b0f004d7aabc30ae407d3f48b0a79"
url = "https://github.com/koalaman/shellcheck/releases/download/v0.11.0/shellcheck-v0.11.0.darwin.aarch64.tar.xz"
url_api = "https://api.github.com/repos/koalaman/shellcheck/releases/assets/279056932"

[tools.shellcheck."platforms.macos-x64"]
checksum = "sha256:3c89db4edcab7cf1c27bff178882e0f6f27f7afdf54e859fa041fca10febe4c6"
url = "https://github.com/koalaman/shellcheck/releases/download/v0.11.0/shellcheck-v0.11.0.darwin.x86_64.tar.xz"
url_api = "https://api.github.com/repos/koalaman/shellcheck/releases/assets/279056930"

[[tools.shfmt]]
version = "3.14.0"
backend = "aqua:mvdan/sh"
specifiers = [
    "3",
    "3.14.0",
]

[tools.shfmt."platforms.linux-x64"]
checksum = "sha256:fe42021c7272ef2d67ea36cbc3031683c625d0badec733ef3a57b567246a0b66"
url = "https://github.com/mvdan/sh/releases/download/v3.14.0/shfmt_v3.14.0_linux_amd64"
url_api = "https://api.github.com/repos/mvdan/sh/releases/assets/534119985"

[tools.shfmt."platforms.macos-arm64"]
checksum = "sha256:4710ba8074a74334069719d5b82f8cb97532e5623bfe43ef7cdb3442101b9cb2"
url = "https://github.com/mvdan/sh/releases/download/v3.14.0/shfmt_v3.14.0_darwin_arm64"
url_api = "https://api.github.com/repos/mvdan/sh/releases/assets/534120008"

[tools.shfmt."platforms.macos-x64"]
checksum = "sha256:74255a8087d74a79f5c1307db807e7efa8f062c429e3a05c075550392e0dcfa1"
url = "https://github.com/mvdan/sh/releases/download/v3.14.0/shfmt_v3.14.0_darwin_amd64"
url_api = "https://api.github.com/repos/mvdan/sh/releases/assets/534120026"

[[tools.starship]]
version = "1.26.0"
backend = "aqua:starship/starship"
specifiers = [
    "1",
    "1.26.0",
]

[tools.starship."platforms.linux-x64"]
checksum = "sha256:321f0dd7af8340a5f2e6a8fec6538a04f617486f9ec70d878f91c09cd8deef22"
url = "https://github.com/starship/starship/releases/download/v1.26.0/starship-x86_64-unknown-linux-gnu.tar.gz"
url_api = "https://api.github.com/repos/starship/starship/releases/assets/460374620"

[tools.starship."platforms.macos-arm64"]
checksum = "sha256:c40b27b11f580411e068f2fa6c1be7830a387c0bc47a94d1d37f32b054c5361d"
url = "https://github.com/starship/starship/releases/download/v1.26.0/starship-aarch64-apple-darwin.tar.gz"
url_api = "https://api.github.com/repos/starship/starship/releases/assets/460374577"

[tools.starship."platforms.macos-x64"]
checksum = "sha256:5548f406a4b6f5695903bdea83f77ce47ec12c8c0e62dabd33122d8f133e4207"
url = "https://github.com/starship/starship/releases/download/v1.26.0/starship-x86_64-apple-darwin.tar.gz"
url_api = "https://api.github.com/repos/starship/starship/releases/assets/460374608"

[[tools.tree-sitter]]
version = "0.26.13"
backend = "aqua:tree-sitter/tree-sitter"
specifiers = ["0.26"]

[tools.tree-sitter."platforms.linux-x64"]
checksum = "sha256:c9c8bef027658d60249ca4fc0663578ceb2e2029346bb8702e091e20d7716475"
url = "https://github.com/tree-sitter/tree-sitter/releases/download/v0.26.13/tree-sitter-linux-x64.gz"
url_api = "https://api.github.com/repos/tree-sitter/tree-sitter/releases/assets/526034722"
provenance = "github-attestations"

[tools.tree-sitter."platforms.macos-arm64"]
checksum = "sha256:0a13c53d178d4cca22d2da220d5841c76cba0c39c220b789b64d752ae5d31864"
url = "https://github.com/tree-sitter/tree-sitter/releases/download/v0.26.13/tree-sitter-macos-arm64.gz"
url_api = "https://api.github.com/repos/tree-sitter/tree-sitter/releases/assets/526034751"
provenance = "github-attestations"

[tools.tree-sitter."platforms.macos-x64"]
checksum = "sha256:41fa2bdfb77fa76d0f821d47bdc9c52285adb61a4c41ed21a902aee65d8de2b5"
url = "https://github.com/tree-sitter/tree-sitter/releases/download/v0.26.13/tree-sitter-macos-x64.gz"
url_api = "https://api.github.com/repos/tree-sitter/tree-sitter/releases/assets/526034752"
provenance = "github-attestations"

[[tools.uv]]
version = "0.12.9"
backend = "aqua:astral-sh/uv"
specifiers = ["latest"]

[tools.uv."platforms.linux-x64"]
checksum = "sha256:ec7a99cd05e0cd7f80243f135ce1361c76835cb0ee60055d14d20eba8eba1460"
url = "https://github.com/astral-sh/uv/releases/download/0.12.9/uv-x86_64-unknown-linux-gnu.tar.gz"
url_api = "https://api.github.com/repos/astral-sh/uv/releases/assets/540201041"
provenance = "github-attestations"

[tools.uv."platforms.macos-arm64"]
checksum = "sha256:301f72afaf54060f92da7016cb0115bd077f43a9c8e39c1d8170a0bac80fd398"
url = "https://github.com/astral-sh/uv/releases/download/0.12.9/uv-aarch64-apple-darwin.tar.gz"
url_api = "https://api.github.com/repos/astral-sh/uv/releases/assets/540200930"
provenance = "github-attestations"

[tools.uv."platforms.macos-x64"]
checksum = "sha256:e1ca175824f1056589ce9908f7631879ebc3c36535b5e63dc06510beb370b4c1"
url = "https://github.com/astral-sh/uv/releases/download/0.12.9/uv-x86_64-apple-darwin.tar.gz"
url_api = "https://api.github.com/repos/astral-sh/uv/releases/assets/540201016"
provenance = "github-attestations"

[[tools.worktrunk]]
version = "0.75.0"
backend = "aqua:max-sixty/worktrunk"
specifiers = [
    "0.75",
    "0.75.0",
]

[tools.worktrunk."platforms.linux-x64"]
checksum = "sha256:9ca16c77245c01edb079620a4375a8a49046fded4d4e571dd21930fd0235eca3"
url = "https://github.com/max-sixty/worktrunk/releases/download/v0.75.0/worktrunk-x86_64-unknown-linux-musl.tar.xz"
url_api = "https://api.github.com/repos/max-sixty/worktrunk/releases/assets/531753183"

[tools.worktrunk."platforms.macos-arm64"]
checksum = "sha256:c5868d06bddd28b8e49d7b0c42c06e5825ec27e930ce7f3d254a8d8f6511c3b9"
url = "https://github.com/max-sixty/worktrunk/releases/download/v0.75.0/worktrunk-aarch64-apple-darwin.tar.xz"
url_api = "https://api.github.com/repos/max-sixty/worktrunk/releases/assets/531753160"

[tools.worktrunk."platforms.macos-x64"]
checksum = "sha256:dbc5a7e5f787d19943e2f7f1a3214be836f71bab2ef79ff4e8ede4cb390cd634"
url = "https://github.com/max-sixty/worktrunk/releases/download/v0.75.0/worktrunk-x86_64-apple-darwin.tar.xz"
url_api = "https://api.github.com/repos/max-sixty/worktrunk/releases/assets/531753175"

[[tools.yazi]]
version = "26.9.1"
backend = "aqua:sxyazi/yazi"
specifiers = ["26"]

[tools.yazi."platforms.linux-x64"]
checksum = "sha256:a02fe91d3304294048c681f010f1100856872a4e98ecf6927328e888d40a6ad2"
url = "https://github.com/sxyazi/yazi/releases/download/v26.9.1/yazi-x86_64-unknown-linux-gnu.zip"
url_api = "https://api.github.com/repos/sxyazi/yazi/releases/assets/539261400"

[tools.yazi."platforms.macos-arm64"]
checksum = "sha256:3921182a21cceb0a505e5dac578e1487d48104caa5f114e9f8adf40b5a7289a9"
url = "https://github.com/sxyazi/yazi/releases/download/v26.9.1/yazi-aarch64-apple-darwin.zip"
url_api = "https://api.github.com/repos/sxyazi/yazi/releases/assets/539261410"

[tools.yazi."platforms.macos-x64"]
checksum = "sha256:36e09036fcc446488d876d139a5e303f2443b82cfb6ac7dfcb43892d6fe6fa20"
url = "https://github.com/sxyazi/yazi/releases/download/v26.9.1/yazi-x86_64-apple-darwin.zip"
url_api = "https://api.github.com/repos/sxyazi/yazi/releases/assets/539261413"

[[tools.zoxide]]
version = "0.10.0"
backend = "aqua:ajeetdsouza/zoxide"
specifiers = [
    "0.10",
    "0.10.0",
]

[tools.zoxide."platforms.linux-x64"]
checksum = "sha256:2d93385b99f3e82cf2701609a1bffcad863fbeb75aa3fe7eb6be4d29be68b1ae"
url = "https://github.com/ajeetdsouza/zoxide/releases/download/v0.10.0/zoxide-0.10.0-x86_64-unknown-linux-musl.tar.gz"
url_api = "https://api.github.com/repos/ajeetdsouza/zoxide/releases/assets/466316293"

[tools.zoxide."platforms.macos-arm64"]
checksum = "sha256:b55ae6f2f5f23d0a6ccb3bd4eeb2af9c7e0a6556e5255c82100e40305129bbb0"
url = "https://github.com/ajeetdsouza/zoxide/releases/download/v0.10.0/zoxide-0.10.0-aarch64-apple-darwin.tar.gz"
url_api = "https://api.github.com/repos/ajeetdsouza/zoxide/releases/assets/466316174"

[tools.zoxide."platforms.macos-x64"]
checksum = "sha256:18ab7ae2633ad6e2ab79a4e665cbba1e95b7c872d44523326efb793202451dad"
url = "https://github.com/ajeetdsouza/zoxide/releases/download/v0.10.0/zoxide-0.10.0-x86_64-apple-darwin.tar.gz"
url_api = "https://api.github.com/repos/ajeetdsouza/zoxide/releases/assets/466316167"
